
Microsoft Visual Studio Solution File, Format Version 12.00
# Visual Studio Version 17
VisualStudioVersion = 17.5.33530.505
MinimumVisualStudioVersion = 10.0.40219.1
Project("{FAE04EC0-301F-11D3-BF4B-00C04F79EFBC}") = "GraphViz.Net", "GraphViz.Net\GraphViz.Net.csproj", "{193A82A1-BA84-4712-B436-3033749C6117}"
EndProject
Project("{FAE04EC0-301F-11D3-BF4B-00C04F79EFBC}") = "TestApp", "TestApp\TestApp.csproj", "{5292D58E-1BE9-40F8-A5C6-296FA273B895}"
EndProject
Global
	GlobalSection(SolutionConfigurationPlatforms) = preSolution
		Debug|Any CPU = Debug|Any CPU
		Release|Any CPU = Release|Any CPU
	EndGlobalSection
	GlobalSection(ProjectConfigurationPlatforms) = postSolution
		{193A82A1-BA84-4712-B436-3033749C6117}.Debug|Any CPU.ActiveCfg = Debug|Any CPU
		{193A82A1-BA84-4712-B436-3033749C6117}.Debug|Any CPU.Build.0 = Debug|Any CPU
		{193A82A1-BA84-4712-B436-3033749C6117}.Release|Any CPU.ActiveCfg = Release|Any CPU
		{193A82A1-BA84-4712-B436-3033749C6117}.Release|Any CPU.Build.0 = Release|Any CPU
		{5292D58E-1BE9-40F8-A5C6-296FA273B895}.Debug|Any CPU.ActiveCfg = Debug|Any CPU
		{5292D58E-1BE9-40F8-A5C6-296FA273B895}.Debug|Any CPU.Build.0 = Debug|Any CPU
		{5292D58E-1BE9-40F8-A5C6-296FA273B895}.Release|Any CPU.ActiveCfg = Release|Any CPU
		{5292D58E-1BE9-40F8-A5C6-296FA273B895}.Release|Any CPU.Build.0 = Release|Any CPU
	EndGlobalSection
	GlobalSection(SolutionProperties) = preSolution
		HideSolutionNode = FALSE
	EndGlobalSection
	GlobalSection(ExtensibilityGlobals) = postSolution
		SolutionGuid = {A02B05D6-59FF-4B7E-89A1-33E9AD253DE0}
	EndGlobalSection
EndGlobal
